{
  "requires": true,
  "lockfileVersion": 1,
  "dependencies": {
    "bmp-js": {
      "version": "0.1.0",
      "resolved": "https://registry.npmjs.org/bmp-js/-/bmp-js-0.1.0.tgz",
      "integrity": "sha1-4Fpj95amwf8l9Hcex62twUjAcjM="
    },
    "jpeg-compressor": {
      "version": "1.0.0",
      "resolved": "https://registry.npmjs.org/jpeg-compressor/-/jpeg-compressor-1.0.0.tgz",
      "integrity": "sha512-QVbtC+rpaKc5jJH5v6ZjHarqXvQitUaVLD1Yw0ij1JNk0qPs0u0mw1Neug0/Zev0ERCg7/VPPyf6xMYZWmGdow==",
      "requires": {
        "bmp-js": "^0.1.0"
      }
    }
  }
}
